
Microsoft Visual Studio Solution File, Format Version 12.00
# Visual Studio Version 17
VisualStudioVersion = 17.8.34330.188
MinimumVisualStudioVersion = 10.0.40219.1
Project("{9A19103F-16F7-4668-BE54-9A1E7A4F7556}") = "StoreMMO.Core", "StoreMMO.Core\StoreMMO.Core.csproj", "{61D9AFF2-1A29-4418-8000-1A462783C0FA}"
EndProject
Project("{9A19103F-16F7-4668-BE54-9A1E7A4F7556}") = "StoreMMO.API", "StoreMMO.API\StoreMMO.API.csproj", "{D97B6BE4-40FC-40B2-97B7-02A0B0D9E7DA}"
EndProject
Project("{9A19103F-16F7-4668-BE54-9A1E7A4F7556}") = "StoreMMO.Web", "StoreMMO.Web\StoreMMO.Web.csproj", "{9D1A9AF9-FF73-4DA2-BD5D-DF07D371161F}"
EndProject
Project("{9A19103F-16F7-4668-BE54-9A1E7A4F7556}") = "BusinessLogic", "BusinessLogic\BusinessLogic.csproj", "{7D75EC35-56F7-4FFE-B3AC-71BCC39F7BB6}"
EndProject
Global
	GlobalSection(SolutionConfigurationPlatforms) = preSolution
		Debug|Any CPU = Debug|Any CPU
		Release|Any CPU = Release|Any CPU
	EndGlobalSection
	GlobalSection(ProjectConfigurationPlatforms) = postSolution
		{61D9AFF2-1A29-4418-8000-1A462783C0FA}.Debug|Any CPU.ActiveCfg = Debug|Any CPU
		{61D9AFF2-1A29-4418-8000-1A462783C0FA}.Debug|Any CPU.Build.0 = Debug|Any CPU
		{61D9AFF2-1A29-4418-8000-1A462783C0FA}.Release|Any CPU.ActiveCfg = Release|Any CPU
		{61D9AFF2-1A29-4418-8000-1A462783C0FA}.Release|Any CPU.Build.0 = Release|Any CPU
		{D97B6BE4-40FC-40B2-97B7-02A0B0D9E7DA}.Debug|Any CPU.ActiveCfg = Debug|Any CPU
		{D97B6BE4-40FC-40B2-97B7-02A0B0D9E7DA}.Debug|Any CPU.Build.0 = Debug|Any CPU
		{D97B6BE4-40FC-40B2-97B7-02A0B0D9E7DA}.Release|Any CPU.ActiveCfg = Release|Any CPU
		{D97B6BE4-40FC-40B2-97B7-02A0B0D9E7DA}.Release|Any CPU.Build.0 = Release|Any CPU
		{9D1A9AF9-FF73-4DA2-BD5D-DF07D371161F}.Debug|Any CPU.ActiveCfg = Debug|Any CPU
		{9D1A9AF9-FF73-4DA2-BD5D-DF07D371161F}.Debug|Any CPU.Build.0 = Debug|Any CPU
		{9D1A9AF9-FF73-4DA2-BD5D-DF07D371161F}.Release|Any CPU.ActiveCfg = Release|Any CPU
		{9D1A9AF9-FF73-4DA2-BD5D-DF07D371161F}.Release|Any CPU.Build.0 = Release|Any CPU
		{7D75EC35-56F7-4FFE-B3AC-71BCC39F7BB6}.Debug|Any CPU.ActiveCfg = Debug|Any CPU
		{7D75EC35-56F7-4FFE-B3AC-71BCC39F7BB6}.Debug|Any CPU.Build.0 = Debug|Any CPU
		{7D75EC35-56F7-4FFE-B3AC-71BCC39F7BB6}.Release|Any CPU.ActiveCfg = Release|Any CPU
		{7D75EC35-56F7-4FFE-B3AC-71BCC39F7BB6}.Release|Any CPU.Build.0 = Release|Any CPU
	EndGlobalSection
	GlobalSection(SolutionProperties) = preSolution
		HideSolutionNode = FALSE
	EndGlobalSection
	GlobalSection(ExtensibilityGlobals) = postSolution
		SolutionGuid = {FE56229A-1B2C-4D76-99F9-AC9CB2C1B4AF}
	EndGlobalSection
EndGlobal
